# This file is automatically @generated by Cargo.
# It is not intended for manual editing.
version = 4

[[package]]
name = "apple-cf"
version = "0.6.1"
source = "registry+https://github.com/rust-lang/crates.io-index"
checksum = "cbf4b8338fc021d979da2f134068afeac54f37382f34af0e73936a88f92d2374"

[[package]]
name = "apple-cf"
version = "0.8.0"
source = "registry+https://github.com/rust-lang/crates.io-index"
checksum = "d110ec64ba49edcbc97fb77907ae336be72f6a89e0e1ca6be155f6e9b146e204"
dependencies = [
 "doom-fish-utils",
]

[[package]]
name = "apple-metal"
version = "0.6.1"
source = "registry+https://github.com/rust-lang/crates.io-index"
checksum = "14c1b0238c7353ce2a000cb261e7168e1ea4e3b21ecb525caa9ea2e9e60a5aa3"
dependencies = [
 "apple-cf 0.6.1",
 "libc",
]

[[package]]
name = "coreimage"
version = "0.3.1"
dependencies = [
 "apple-cf 0.8.0",
 "apple-metal",
 "libc",
]

[[package]]
name = "doom-fish-utils"
version = "0.1.1"
source = "registry+https://github.com/rust-lang/crates.io-index"
checksum = "c64a66e1fdd09573daeb89569701e8c3eab595cf3e2be0752ec6303e36689242"

[[package]]
name = "libc"
version = "0.2.186"
source = "registry+https://github.com/rust-lang/crates.io-index"
checksum = "68ab91017fe16c622486840e4c83c9a37afeff978bd239b5293d61ece587de66"
